{
  "name": "shakarambham-subscription-gate",
  "version": "1.0.0",
  "lockfileVersion": 3,
  "requires": true,
  "packages": {
    "": {
      "name": "shakarambham-subscription-gate",
      "version": "1.0.0",
      "dependencies": {
        "dotenv": "^16.4.7",
        "express": "^5.1.0",
        "express-session": "^1.18.2",
        "googleapis": "^160.0.0"
      }
    }
  }
}
